
Microsoft Visual Studio Solution File, Format Version 12.00
# Visual Studio Version 17
VisualStudioVersion = 17.11.35222.181
MinimumVisualStudioVersion = 10.0.40219.1
Project("{FAE04EC0-301F-11D3-BF4B-00C04F79EFBC}") = "StudentGradeApp", "StudentGradeApp\StudentGradeApp.csproj", "{AFFE12FD-1546-4423-8A70-B430F6D18611}"
EndProject
Global
	GlobalSection(SolutionConfigurationPlatforms) = preSolution
		Debug|Any CPU = Debug|Any CPU
		Release|Any CPU = Release|Any CPU
	EndGlobalSection
	GlobalSection(ProjectConfigurationPlatforms) = postSolution
		{AFFE12FD-1546-4423-8A70-B430F6D18611}.Debug|Any CPU.ActiveCfg = Debug|Any CPU
		{AFFE12FD-1546-4423-8A70-B430F6D18611}.Debug|Any CPU.Build.0 = Debug|Any CPU
		{AFFE12FD-1546-4423-8A70-B430F6D18611}.Release|Any CPU.ActiveCfg = Release|Any CPU
		{AFFE12FD-1546-4423-8A70-B430F6D18611}.Release|Any CPU.Build.0 = Release|Any CPU
	EndGlobalSection
	GlobalSection(SolutionProperties) = preSolution
		HideSolutionNode = FALSE
	EndGlobalSection
	GlobalSection(ExtensibilityGlobals) = postSolution
		SolutionGuid = {F218A00F-FB22-48DC-B656-65D62556286B}
	EndGlobalSection
EndGlobal
